// !$*UTF8*$!
{
	archiveVersion = 1;
	classes = {
	};
	objectVersion = 50;
	objects = {

/* Begin PBXBuildFile section */
		184C6A9A240374C900BD8399 /* AppDelegate.swift in Sources */ = {isa = PBXBuildFile; fileRef = 184C6A99240374C900BD8399 /* AppDelegate.swift */; };
		184C6A9C240374C900BD8399 /* SceneDelegate.swift in Sources */ = {isa = PBXBuildFile; fileRef = 184C6A9B240374C900BD8399 /* SceneDelegate.swift */; };
		184C6AA3240374D200BD8399 /* Assets.xcassets in Resources */ = {isa = PBXBuildFile; fileRef = 184C6AA2240374D200BD8399 /* Assets.xcassets */; };
		184C6AA6240374D200BD8399 /* LaunchScreen.storyboard in Resources */ = {isa = PBXBuildFile; fileRef = 184C6AA4240374D200BD8399 /* LaunchScreen.storyboard */; };
		184C6AB1240374D200BD8399 /* TwitterLBTATests.swift in Sources */ = {isa = PBXBuildFile; fileRef = 184C6AB0240374D200BD8399 /* TwitterLBTATests.swift */; };
		184C6ABC24045AA300BD8399 /* HomeController.swift in Sources */ = {isa = PBXBuildFile; fileRef = 184C6ABB24045AA300BD8399 /* HomeController.swift */; };
/* End PBXBuildFile section */

/* Begin PBXContainerItemProxy section */
		184C6AAD240374D200BD8399 /* PBXContainerItemProxy */ = {
			isa = PBXContainerItemProxy;
			containerPortal = 184C6A8E240374C900BD8399 /* Project object */;
			proxyType = 1;
			remoteGlobalIDString = 184C6A95240374C900BD8399;
			remoteInfo = TwitterLBTA;
		};
/* End PBXContainerItemProxy section */

/* Begin PBXFileReference section */
		184C6A96240374C900BD8399 /* TwitterLBTA.app */ = {isa = PBXFileReference; explicitFileType = wrapper.application; includeInIndex = 0; path = TwitterLBTA.app; sourceTree = BUILT_PRODUCTS_DIR; };
		184C6A99240374C900BD8399 /* AppDelegate.swift */ = {isa = PBXFileReference; lastKnownFileType = sourcecode.swift; path = AppDelegate.swift; sourceTree = "<group>"; };
		184C6A9B240374C900BD8399 /* SceneDelegate.swift */ = {isa = PBXFileReference; lastKnownFileType = sourcecode.swift; path = SceneDelegate.swift; sourceTree = "<group>"; };
		184C6AA2240374D200BD8399 /* Assets.xcassets */ = {isa = PBXFileReference; lastKnownFileType = folder.assetcatalog; path = Assets.xcassets; sourceTree = "<group>"; };
		184C6AA5240374D200BD8399 /* Base */ = {isa = PBXFileReference; lastKnownFileType = file.storyboard; name = Base; path = Base.lproj/LaunchScreen.storyboard; sourceTree = "<group>"; };
		184C6AA7240374D200BD8399 /* Info.plist */ = {isa = PBXFileReference; lastKnownFileType = text.plist.xml; path = Info.plist; sourceTree = "<group>"; };
		184C6AAC240374D200BD8399 /* TwitterLBTATests.xctest */ = {isa = PBXFileReference; explicitFileType = wrapper.cfbundle; includeInIndex = 0; path = TwitterLBTATests.xctest; sourceTree = BUILT_PRODUCTS_DIR; };
		184C6AB0240374D200BD8399 /* TwitterLBTATests.swift */ = {isa = PBXFileReference; lastKnownFileType = sourcecode.swift; path = TwitterLBTATests.swift; sourceTree = "<group>"; };
		184C6AB2240374D300BD8399 /* Info.plist */ = {isa = PBXFileReference; lastKnownFileType = text.plist.xml; path = Info.plist; sourceTree = "<group>"; };
		184C6ABB24045AA300BD8399 /* HomeController.swift */ = {isa = PBXFileReference; lastKnownFileType = sourcecode.swift; path = HomeController.swift; sourceTree = "<group>"; };
/* End PBXFileReference section */

/* Begin PBXFrameworksBuildPhase section */
		184C6A93240374C900BD8399 /* Frameworks */ = {
			isa = PBXFrameworksBuildPhase;
			buildActionMask = 2147483647;
			files = (
			);
			runOnlyForDeploymentPostprocessing = 0;
		};
		184C6AA9240374D200BD8399 /* Frameworks */ = {
			isa = PBXFrameworksBuildPhase;
			buildActionMask = 2147483647;
			files = (
			);
			runOnlyForDeploymentPostprocessing = 0;
		};
/* End PBXFrameworksBuildPhase section */

/* Begin PBXGroup section */
		184C6A8D240374C800BD8399 = {
			isa = PBXGroup;
			children = (
				184C6A98240374C900BD8399 /* TwitterLBTA */,
				184C6AAF240374D200BD8399 /* TwitterLBTATests */,
				184C6A97240374C900BD8399 /* Products */,
			);
			sourceTree = "<group>";
		};
		184C6A97240374C900BD8399 /* Products */ = {
			isa = PBXGroup;
			children = (
				184C6A96240374C900BD8399 /* TwitterLBTA.app */,
				184C6AAC240374D200BD8399 /* TwitterLBTATests.xctest */,
			);
			name = Products;
			sourceTree = "<group>";
		};
		184C6A98240374C900BD8399 /* TwitterLBTA */ = {
			isa = PBXGroup;
			children = (
				184C6A99240374C900BD8399 /* AppDelegate.swift */,
				184C6A9B240374C900BD8399 /* SceneDelegate.swift */,
				184C6ABB24045AA300BD8399 /* HomeController.swift */,
				184C6AA2240374D200BD8399 /* Assets.xcassets */,
				184C6AA4240374D200BD8399 /* LaunchScreen.storyboard */,
				184C6AA7240374D200BD8399 /* Info.plist */,
			);
			path = TwitterLBTA;
			sourceTree = "<group>";
		};
		184C6AAF240374D200BD8399 /* TwitterLBTATests */ = {
			isa = PBXGroup;
			children = (
				184C6AB0240374D200BD8399 /* TwitterLBTATests.swift */,
				184C6AB2240374D300BD8399 /* Info.plist */,
			);
			path = TwitterLBTATests;
			sourceTree = "<group>";
		};
/* End PBXGroup section */

/* Begin PBXNativeTarget section */
		184C6A95240374C900BD8399 /* TwitterLBTA */ = {
			isa = PBXNativeTarget;
			buildConfigurationList = 184C6AB5240374D300BD8399 /* Build configuration list for PBXNativeTarget "TwitterLBTA" */;
			buildPhases = (
				184C6A92240374C900BD8399 /* Sources */,
				184C6A93240374C900BD8399 /* Frameworks */,
				184C6A94240374C900BD8399 /* Resources */,
			);
			buildRules = (
			);
			dependencies = (
			);
			name = TwitterLBTA;
			productName = TwitterLBTA;
			productReference = 184C6A96240374C900BD8399 /* TwitterLBTA.app */;
			productType = "com.apple.product-type.application";
		};
		184C6AAB240374D200BD8399 /* TwitterLBTATests */ = {
			isa = PBXNativeTarget;
			buildConfigurationList = 184C6AB8240374D300BD8399 /* Build configuration list for PBXNativeTarget "TwitterLBTATests" */;
			buildPhases = (
				184C6AA8240374D200BD8399 /* Sources */,
				184C6AA9240374D200BD8399 /* Frameworks */,
				184C6AAA240374D200BD8399 /* Resources */,
			);
			buildRules = (
			);
			dependencies = (
				184C6AAE240374D200BD8399 /* PBXTargetDependency */,
			);
			name = TwitterLBTATests;
			productName = TwitterLBTATests;
			productReference = 184C6AAC240374D200BD8399 /* TwitterLBTATests.xctest */;
			productType = "com.apple.product-type.bundle.unit-test";
		};
/* End PBXNativeTarget section */

/* Begin PBXProject section */
		184C6A8E240374C900BD8399 /* Project object */ = {
			isa = PBXProject;
			attributes = {
				LastSwiftUpdateCheck = 1130;
				LastUpgradeCheck = 1130;
				ORGANIZATIONNAME = "Qadriyyah Thomas";
				TargetAttributes = {
					184C6A95240374C900BD8399 = {
						CreatedOnToolsVersion = 11.3.1;
					};
					184C6AAB240374D200BD8399 = {
						CreatedOnToolsVersion = 11.3.1;
						TestTargetID = 184C6A95240374C900BD8399;
					};
				};
			};
			buildConfigurationList = 184C6A91240374C900BD8399 /* Build configuration list for PBXProject "TwitterLBTA" */;
			compatibilityVersion = "Xcode 9.3";
			developmentRegion = en;
			hasScannedForEncodings = 0;
			knownRegions = (
				en,
				Base,
			);
			mainGroup = 184C6A8D240374C800BD8399;
			productRefGroup = 184C6A97240374C900BD8399 /* Products */;
			projectDirPath = "";
			projectRoot = "";
			targets = (
				184C6A95240374C900BD8399 /* TwitterLBTA */,
				184C6AAB240374D200BD8399 /* TwitterLBTATests */,
			);
		};
/* End PBXProject section */

/* Begin PBXResourcesBuildPhase section */
		184C6A94240374C900BD8399 /* Resources */ = {
			isa = PBXResourcesBuildPhase;
			buildActionMask = 2147483647;
			files = (
				184C6AA6240374D200BD8399 /* LaunchScreen.storyboard in Resources */,
				184C6AA3240374D200BD8399 /* Assets.xcassets in Resources */,
			);
			runOnlyForDeploymentPostprocessing = 0;
		};
		184C6AAA240374D200BD8399 /* Resources */ = {
			isa = PBXResourcesBuildPhase;
			buildActionMask = 2147483647;
			files = (
			);
			runOnlyForDeploymentPostprocessing = 0;
		};
/* End PBXResourcesBuildPhase section */

/* Begin PBXSourcesBuildPhase section */
		184C6A92240374C900BD8399 /* Sources */ = {
			isa = PBXSourcesBuildPhase;
			buildActionMask = 2147483647;
			files = (
				184C6ABC24045AA300BD8399 /* HomeController.swift in Sources */,
				184C6A9A240374C900BD8399 /* AppDelegate.swift in Sources */,
				184C6A9C240374C900BD8399 /* SceneDelegate.swift in Sources */,
			);
			runOnlyForDeploymentPostprocessing = 0;
		};
		184C6AA8240374D200BD8399 /* Sources */ = {
			isa = PBXSourcesBuildPhase;
			buildActionMask = 2147483647;
			files = (
				184C6AB1240374D200BD8399 /* TwitterLBTATests.swift in Sources */,
			);
			runOnlyForDeploymentPostprocessing = 0;
		};
/* End PBXSourcesBuildPhase section */

/* Begin PBXTargetDependency section */
		184C6AAE240374D200BD8399 /* PBXTargetDependency */ = {
			isa = PBXTargetDependency;
			target = 184C6A95240374C900BD8399 /* TwitterLBTA */;
			targetProxy = 184C6AAD240374D200BD8399 /* PBXContainerItemProxy */;
		};
/* End PBXTargetDependency section */

/* Begin PBXVariantGroup section */
		184C6AA4240374D200BD8399 /* LaunchScreen.storyboard */ = {
			isa = PBXVariantGroup;
			children = (
				184C6AA5240374D200BD8399 /* Base */,
			);
			name = LaunchScreen.storyboard;
			sourceTree = "<group>";
		};
/* End PBXVariantGroup section */

/* Begin XCBuildConfiguration section */
		184C6AB3240374D300BD8399 /* Debug */ = {
			isa = XCBuildConfiguration;
			buildSettings = {
				ALWAYS_SEARCH_USER_PATHS = NO;
				CLANG_ANALYZER_NONNULL = YES;
				CLANG_ANALYZER_NUMBER_OBJECT_CONVERSION = YES_AGGRESSIVE;
				CLANG_CXX_LANGUAGE_STANDARD = "gnu++14";
				CLANG_CXX_LIBRARY = "libc++";
				CLANG_ENABLE_MODULES = YES;
				CLANG_ENABLE_OBJC_ARC = YES;
				CLANG_ENABLE_OBJC_WEAK = YES;
				CLANG_WARN_BLOCK_CAPTURE_AUTORELEASING = YES;
				CLANG_WARN_BOOL_CONVERSION = YES;
				CLANG_WARN_COMMA = YES;
				CLANG_WARN_CONSTANT_CONVERSION = YES;
				CLANG_WARN_DEPRECATED_OBJC_IMPLEMENTATIONS = YES;
				CLANG_WARN_DIRECT_OBJC_ISA_USAGE = YES_ERROR;
				CLANG_WARN_DOCUMENTATION_COMMENTS = YES;
				CLANG_WARN_EMPTY_BODY = YES;
				CLANG_WARN_ENUM_CONVERSION = YES;
				CLANG_WARN_INFINITE_RECURSION = YES;
				CLANG_WARN_INT_CONVERSION = YES;
				CLANG_WARN_NON_LITERAL_NULL_CONVERSION = YES;
				CLANG_WARN_OBJC_IMPLICIT_RETAIN_SELF = YES;
				CLANG_WARN_OBJC_LITERAL_CONVERSION = YES;
				CLANG_WARN_OBJC_ROOT_CLASS = YES_ERROR;
				CLANG_WARN_RANGE_LOOP_ANALYSIS = YES;
				CLANG_WARN_STRICT_PROTOTYPES = YES;
				CLANG_WARN_SUSPICIOUS_MOVE = YES;
				CLANG_WARN_UNGUARDED_AVAILABILITY = YES_AGGRESSIVE;
				CLANG_WARN_UNREACHABLE_CODE = YES;
				CLANG_WARN__DUPLICATE_METHOD_MATCH = YES;
				COPY_PHASE_STRIP = NO;
				DEBUG_INFORMATION_FORMAT = dwarf;
				ENABLE_STRICT_OBJC_MSGSEND = YES;
				ENABLE_TESTABILITY = YES;
				GCC_C_LANGUAGE_STANDARD = gnu11;
				GCC_DYNAMIC_NO_PIC = NO;
				GCC_NO_COMMON_BLOCKS = YES;
				GCC_OPTIMIZATION_LEVEL = 0;
				GCC_PREPROCESSOR_DEFINITIONS = (
					"DEBUG=1",
					"$(inherited)",
				);
				GCC_WARN_64_TO_32_BIT_CONVERSION = YES;
				GCC_WARN_ABOUT_RETURN_TYPE = YES_ERROR;
				GCC_WARN_UNDECLARED_SELECTOR = YES;
				GCC_WARN_UNINITIALIZED_AUTOS = YES_AGGRESSIVE;
				GCC_WARN_UNUSED_FUNCTION = YES;
				GCC_WARN_UNUSED_VARIABLE = YES;
				IPHONEOS_DEPLOYMENT_TARGET = 13.2;
				MTL_ENABLE_DEBUG_INFO = INCLUDE_SOURCE;
				MTL_FAST_MATH = YES;
				ONLY_ACTIVE_ARCH = YES;
				SDKROOT = iphoneos;
				SWIFT_ACTIVE_COMPILATION_CONDITIONS = DEBUG;
				SWIFT_OPTIMIZATION_LEVEL = "-Onone";
			};
			name = Debug;
		};
		184C6AB4240374D300BD8399 /* Release */ = {
			isa = XCBuildConfiguration;
			buildSettings = {
				ALWAYS_SEARCH_USER_PATHS = NO;
				CLANG_ANALYZER_NONNULL = YES;
				CLANG_ANALYZER_NUMBER_OBJECT_CONVERSION = YES_AGGRESSIVE;
				CLANG_CXX_LANGUAGE_STANDARD = "gnu++14";
				CLANG_CXX_LIBRARY = "libc++";
				CLANG_ENABLE_MODULES = YES;
				CLANG_ENABLE_OBJC_ARC = YES;
				CLANG_ENABLE_OBJC_WEAK = YES;
				CLANG_WARN_BLOCK_CAPTURE_AUTORELEASING = YES;
				CLANG_WARN_BOOL_CONVERSION = YES;
				CLANG_WARN_COMMA = YES;
				CLANG_WARN_CONSTANT_CONVERSION = YES;
				CLANG_WARN_DEPRECATED_OBJC_IMPLEMENTATIONS = YES;
				CLANG_WARN_DIRECT_OBJC_ISA_USAGE = YES_ERROR;
				CLANG_WARN_DOCUMENTATION_COMMENTS = YES;
				CLANG_WARN_EMPTY_BODY = YES;
				CLANG_WARN_ENUM_CONVERSION = YES;
				CLANG_WARN_INFINITE_RECURSION = YES;
				CLANG_WARN_INT_CONVERSION = YES;
				CLANG_WARN_NON_LITERAL_NULL_CONVERSION = YES;
				CLANG_WARN_OBJC_IMPLICIT_RETAIN_SELF = YES;
				CLANG_WARN_OBJC_LITERAL_CONVERSION = YES;
				CLANG_WARN_OBJC_ROOT_CLASS = YES_ERROR;
				CLANG_WARN_RANGE_LOOP_ANALYSIS = YES;
				CLANG_WARN_STRICT_PROTOTYPES = YES;
				CLANG_WARN_SUSPICIOUS_MOVE = YES;
				CLANG_WARN_UNGUARDED_AVAILABILITY = YES_AGGRESSIVE;
				CLANG_WARN_UNREACHABLE_CODE = YES;
				CLANG_WARN__DUPLICATE_METHOD_MATCH = YES;
				COPY_PHASE_STRIP = NO;
				DEBUG_INFORMATION_FORMAT = "dwarf-with-dsym";
				ENABLE_NS_ASSERTIONS = NO;
				ENABLE_STRICT_OBJC_MSGSEND = YES;
				GCC_C_LANGUAGE_STANDARD = gnu11;
				GCC_NO_COMMON_BLOCKS = YES;
				GCC_WARN_64_TO_32_BIT_CONVERSION = YES;
				GCC_WARN_ABOUT_RETURN_TYPE = YES_ERROR;
				GCC_WARN_UNDECLARED_SELECTOR = YES;
				GCC_WARN_UNINITIALIZED_AUTOS = YES_AGGRESSIVE;
				GCC_WARN_UNUSED_FUNCTION = YES;
				GCC_WARN_UNUSED_VARIABLE = YES;
				IPHONEOS_DEPLOYMENT_TARGET = 13.2;
				MTL_ENABLE_DEBUG_INFO = NO;
				MTL_FAST_MATH = YES;
				SDKROOT = iphoneos;
				SWIFT_COMPILATION_MODE = wholemodule;
				SWIFT_OPTIMIZATION_LEVEL = "-O";
				VALIDATE_PRODUCT = YES;
			};
			name = Release;
		};
		184C6AB6240374D300BD8399 /* Debug */ = {
			isa = XCBuildConfiguration;
			buildSettings = {
				ASSETCATALOG_COMPILER_APPICON_NAME = AppIcon;
				CODE_SIGN_STYLE = Automatic;
				DEVELOPMENT_TEAM = N4RBX9TSJP;
				INFOPLIST_FILE = TwitterLBTA/Info.plist;
				LD_RUNPATH_SEARCH_PATHS = (
					"$(inherited)",
					"@executable_path/Frameworks",
				);
				PRODUCT_BUNDLE_IDENTIFIER = com.QThomas.TwitterLBTA;
				PRODUCT_NAME = "$(TARGET_NAME)";
				SWIFT_VERSION = 5.0;
				TARGETED_DEVICE_FAMILY = "1,2";
			};
			name = Debug;
		};
		184C6AB7240374D300BD8399 /* Release */ = {
			isa = XCBuildConfiguration;
			buildSettings = {
				ASSETCATALOG_COMPILER_APPICON_NAME = AppIcon;
				CODE_SIGN_STYLE = Automatic;
				DEVELOPMENT_TEAM = N4RBX9TSJP;
				INFOPLIST_FILE = TwitterLBTA/Info.plist;
				LD_RUNPATH_SEARCH_PATHS = (
					"$(inherited)",
					"@executable_path/Frameworks",
				);
				PRODUCT_BUNDLE_IDENTIFIER = com.QThomas.TwitterLBTA;
				PRODUCT_NAME = "$(TARGET_NAME)";
				SWIFT_VERSION = 5.0;
				TARGETED_DEVICE_FAMILY = "1,2";
			};
			name = Release;
		};
		184C6AB9240374D300BD8399 /* Debug */ = {
			isa = XCBuildConfiguration;
			buildSettings = {
				ALWAYS_EMBED_SWIFT_STANDARD_LIBRARIES = YES;
				BUNDLE_LOADER = "$(TEST_HOST)";
				CODE_SIGN_STYLE = Automatic;
				DEVELOPMENT_TEAM = N4RBX9TSJP;
				INFOPLIST_FILE = TwitterLBTATests/Info.plist;
				IPHONEOS_DEPLOYMENT_TARGET = 13.2;
				LD_RUNPATH_SEARCH_PATHS = (
					"$(inherited)",
					"@executable_path/Frameworks",
					"@loader_path/Frameworks",
				);
				PRODUCT_BUNDLE_IDENTIFIER = com.QThomas.TwitterLBTATests;
				PRODUCT_NAME = "$(TARGET_NAME)";
				SWIFT_VERSION = 5.0;
				TARGETED_DEVICE_FAMILY = "1,2";
				TEST_HOST = "$(BUILT_PRODUCTS_DIR)/TwitterLBTA.app/TwitterLBTA";
			};
			name = Debug;
		};
		184C6ABA240374D300BD8399 /* Release */ = {
			isa = XCBuildConfiguration;
			buildSettings = {
				ALWAYS_EMBED_SWIFT_STANDARD_LIBRARIES = YES;
				BUNDLE_LOADER = "$(TEST_HOST)";
				CODE_SIGN_STYLE = Automatic;
				DEVELOPMENT_TEAM = N4RBX9TSJP;
				INFOPLIST_FILE = TwitterLBTATests/Info.plist;
				IPHONEOS_DEPLOYMENT_TARGET = 13.2;
				LD_RUNPATH_SEARCH_PATHS = (
					"$(inherited)",
					"@executable_path/Frameworks",
					"@loader_path/Frameworks",
				);
				PRODUCT_BUNDLE_IDENTIFIER = com.QThomas.TwitterLBTATests;
				PRODUCT_NAME = "$(TARGET_NAME)";
				SWIFT_VERSION = 5.0;
				TARGETED_DEVICE_FAMILY = "1,2";
				TEST_HOST = "$(BUILT_PRODUCTS_DIR)/TwitterLBTA.app/TwitterLBTA";
			};
			name = Release;
		};
/* End XCBuildConfiguration section */

/* Begin XCConfigurationList section */
		184C6A91240374C900BD8399 /* Build configuration list for PBXProject "TwitterLBTA" */ = {
			isa = XCConfigurationList;
			buildConfigurations = (
				184C6AB3240374D300BD8399 /* Debug */,
				184C6AB4240374D300BD8399 /* Release */,
			);
			defaultConfigurationIsVisible = 0;
			defaultConfigurationName = Release;
		};
		184C6AB5240374D300BD8399 /* Build configuration list for PBXNativeTarget "TwitterLBTA" */ = {
			isa = XCConfigurationList;
			buildConfigurations = (
				184C6AB6240374D300BD8399 /* Debug */,
				184C6AB7240374D300BD8399 /* Release */,
			);
			defaultConfigurationIsVisible = 0;
			defaultConfigurationName = Release;
		};
		184C6AB8240374D300BD8399 /* Build configuration list for PBXNativeTarget "TwitterLBTATests" */ = {
			isa = XCConfigurationList;
			buildConfigurations = (
				184C6AB9240374D300BD8399 /* Debug */,
				184C6ABA240374D300BD8399 /* Release */,
			);
			defaultConfigurationIsVisible = 0;
			defaultConfigurationName = Release;
		};
/* End XCConfigurationList section */
	};
	rootObject = 184C6A8E240374C900BD8399 /* Project object */;
}
